{
  "name": "hexo-theme-a4",
  "version": "1.9.7",
  "lockfileVersion": 3,
  "requires": true,
  "packages": {
    "": {
      "name": "hexo-theme-a4",
      "version": "1.9.7",
      "license": "MIT",
      "dependencies": {
        "hexo-theme-a4": "^1.9.8"
      }
    },
    "node_modules/hexo-theme-a4": {
      "version": "1.9.8",
      "resolved": "https://registry.npmjs.org/hexo-theme-a4/-/hexo-theme-a4-1.9.8.tgz",
      "integrity": "sha512-oNMMeOvdrZ4oock7rLQDqKIIBaACqfI3Ko6IF1PeA4k0NrOVWSfiS9VSlBNOnssEUBVKrI98PO1a703krR5I8Q==",
      "license": "MIT"
    }
  }
}
